// !$*UTF8*$!
{
	archiveVersion = 1;
	classes = {
	};
	objectVersion = 46;
	objects = {

/* Begin PBXBuildFile section */
		2A96EAB618CEA02800025829 /* Foundation.framework in Frameworks */ = {isa = PBXBuildFile; fileRef = 2A96EAB518CEA02800025829 /* Foundation.framework */; };
		2A96EAB818CEA02800025829 /* CoreGraphics.framework in Frameworks */ = {isa = PBXBuildFile; fileRef = 2A96EAB718CEA02800025829 /* CoreGraphics.framework */; };
		2A96EABA18CEA02800025829 /* UIKit.framework in Frameworks */ = {isa = PBXBuildFile; fileRef = 2A96EAB918CEA02800025829 /* UIKit.framework */; };
		2A96EAC018CEA02800025829 /* InfoPlist.strings in Resources */ = {isa = PBXBuildFile; fileRef = 2A96EABE18CEA02800025829 /* InfoPlist.strings */; };
		2A96EAC218CEA02800025829 /* main.m in Sources */ = {isa = PBXBuildFile; fileRef = 2A96EAC118CEA02800025829 /* main.m */; };
		2A96EAC618CEA02800025829 /* EpicAppDelegate.m in Sources */ = {isa = PBXBuildFile; fileRef = 2A96EAC518CEA02800025829 /* EpicAppDelegate.m */; };
		2A96EAC918CEA02800025829 /* Main_iPhone.storyboard in Resources */ = {isa = PBXBuildFile; fileRef = 2A96EAC718CEA02800025829 /* Main_iPhone.storyboard */; };
		2A96EACC18CEA02800025829 /* Main_iPad.storyboard in Resources */ = {isa = PBXBuildFile; fileRef = 2A96EACA18CEA02800025829 /* Main_iPad.storyboard */; };
		2A96EACF18CEA02800025829 /* EpicViewController.m in Sources */ = {isa = PBXBuildFile; fileRef = 2A96EACE18CEA02800025829 /* EpicViewController.m */; };
		2A96EAD118CEA02800025829 /* Images.xcassets in Resources */ = {isa = PBXBuildFile; fileRef = 2A96EAD018CEA02800025829 /* Images.xcassets */; };
		2A96EAD818CEA02800025829 /* XCTest.framework in Frameworks */ = {isa = PBXBuildFile; fileRef = 2A96EAD718CEA02800025829 /* XCTest.framework */; };
		2A96EAD918CEA02800025829 /* Foundation.framework in Frameworks */ = {isa = PBXBuildFile; fileRef = 2A96EAB518CEA02800025829 /* Foundation.framework */; };
		2A96EADA18CEA02800025829 /* UIKit.framework in Frameworks */ = {isa = PBXBuildFile; fileRef = 2A96EAB918CEA02800025829 /* UIKit.framework */; };
		2A96EAE218CEA02800025829 /* InfoPlist.strings in Resources */ = {isa = PBXBuildFile; fileRef = 2A96EAE018CEA02800025829 /* InfoPlist.strings */; };
		2A96EAE418CEA02800025829 /* EpicTests.m in Sources */ = {isa = PBXBuildFile; fileRef = 2A96EAE318CEA02800025829 /* EpicTests.m */; };
/* End PBXBuildFile section */

/* Begin PBXContainerItemProxy section */
		2A96EADB18CEA02800025829 /* PBXContainerItemProxy */ = {
			isa = PBXContainerItemProxy;
			containerPortal = 2A96EAAA18CEA02800025829 /* Project object */;
			proxyType = 1;
			remoteGlobalIDString = 2A96EAB118CEA02800025829;
			remoteInfo = Epic;
		};
/* End PBXContainerItemProxy section */

/* Begin PBXFileReference section */
		2A96EAB218CEA02800025829 /* Epic.app */ = {isa = PBXFileReference; explicitFileType = wrapper.application; includeInIndex = 0; path = Epic.app; sourceTree = BUILT_PRODUCTS_DIR; };
		2A96EAB518CEA02800025829 /* Foundation.framework */ = {isa = PBXFileReference; lastKnownFileType = wrapper.framework; name = Foundation.framework; path = System/Library/Frameworks/Foundation.framework; sourceTree = SDKROOT; };
		2A96EAB718CEA02800025829 /* CoreGraphics.framework */ = {isa = PBXFileReference; lastKnownFileType = wrapper.framework; name = CoreGraphics.framework; path = System/Library/Frameworks/CoreGraphics.framework; sourceTree = SDKROOT; };
		2A96EAB918CEA02800025829 /* UIKit.framework */ = {isa = PBXFileReference; lastKnownFileType = wrapper.framework; name = UIKit.framework; path = System/Library/Frameworks/UIKit.framework; sourceTree = SDKROOT; };
		2A96EABD18CEA02800025829 /* Epic-Info.plist */ = {isa = PBXFileReference; lastKnownFileType = text.plist.xml; path = "Epic-Info.plist"; sourceTree = "<group>"; };
		2A96EABF18CEA02800025829 /* en */ = {isa = PBXFileReference; lastKnownFileType = text.plist.strings; name = en; path = en.lproj/InfoPlist.strings; sourceTree = "<group>"; };
		2A96EAC118CEA02800025829 /* main.m */ = {isa = PBXFileReference; lastKnownFileType = sourcecode.c.objc; path = main.m; sourceTree = "<group>"; };
		2A96EAC318CEA02800025829 /* Epic-Prefix.pch */ = {isa = PBXFileReference; lastKnownFileType = sourcecode.c.h; path = "Epic-Prefix.pch"; sourceTree = "<group>"; };
		2A96EAC418CEA02800025829 /* EpicAppDelegate.h */ = {isa = PBXFileReference; lastKnownFileType = sourcecode.c.h; path = EpicAppDelegate.h; sourceTree = "<group>"; };
		2A96EAC518CEA02800025829 /* EpicAppDelegate.m */ = {isa = PBXFileReference; lastKnownFileType = sourcecode.c.objc; path = EpicAppDelegate.m; sourceTree = "<group>"; };
		2A96EAC818CEA02800025829 /* Base */ = {isa = PBXFileReference; lastKnownFileType = file.storyboard; name = Base; path = Base.lproj/Main_iPhone.storyboard; sourceTree = "<group>"; };
		2A96EACB18CEA02800025829 /* Base */ = {isa = PBXFileReference; lastKnownFileType = file.storyboard; name = Base; path = Base.lproj/Main_iPad.storyboard; sourceTree = "<group>"; };
		2A96EACD18CEA02800025829 /* EpicViewController.h */ = {isa = PBXFileReference; lastKnownFileType = sourcecode.c.h; path = EpicViewController.h; sourceTree = "<group>"; };
		2A96EACE18CEA02800025829 /* EpicViewController.m */ = {isa = PBXFileReference; lastKnownFileType = sourcecode.c.objc; path = EpicViewController.m; sourceTree = "<group>"; };
		2A96EAD018CEA02800025829 /* Images.xcassets */ = {isa = PBXFileReference; lastKnownFileType = folder.assetcatalog; path = Images.xcassets; sourceTree = "<group>"; };
		2A96EAD618CEA02800025829 /* EpicTests.xctest */ = {isa = PBXFileReference; explicitFileType = wrapper.cfbundle; includeInIndex = 0; path = EpicTests.xctest; sourceTree = BUILT_PRODUCTS_DIR; };
		2A96EAD718CEA02800025829 /* XCTest.framework */ = {isa = PBXFileReference; lastKnownFileType = wrapper.framework; name = XCTest.framework; path = Library/Frameworks/XCTest.framework; sourceTree = DEVELOPER_DIR; };
		2A96EADF18CEA02800025829 /* EpicTests-Info.plist */ = {isa = PBXFileReference; lastKnownFileType = text.plist.xml; path = "EpicTests-Info.plist"; sourceTree = "<group>"; };
		2A96EAE118CEA02800025829 /* en */ = {isa = PBXFileReference; lastKnownFileType = text.plist.strings; name = en; path = en.lproj/InfoPlist.strings; sourceTree = "<group>"; };
		2A96EAE318CEA02800025829 /* EpicTests.m */ = {isa = PBXFileReference; lastKnownFileType = sourcecode.c.objc; path = EpicTests.m; sourceTree = "<group>"; };
/* End PBXFileReference section */

/* Begin PBXFrameworksBuildPhase section */
		2A96EAAF18CEA02800025829 /* Frameworks */ = {
			isa = PBXFrameworksBuildPhase;
			buildActionMask = 2147483647;
			files = (
				2A96EAB818CEA02800025829 /* CoreGraphics.framework in Frameworks */,
				2A96EABA18CEA02800025829 /* UIKit.framework in Frameworks */,
				2A96EAB618CEA02800025829 /* Foundation.framework in Frameworks */,
			);
			runOnlyForDeploymentPostprocessing = 0;
		};
		2A96EAD318CEA02800025829 /* Frameworks */ = {
			isa = PBXFrameworksBuildPhase;
			buildActionMask = 2147483647;
			files = (
				2A96EAD818CEA02800025829 /* XCTest.framework in Frameworks */,
				2A96EADA18CEA02800025829 /* UIKit.framework in Frameworks */,
				2A96EAD918CEA02800025829 /* Foundation.framework in Frameworks */,
			);
			runOnlyForDeploymentPostprocessing = 0;
		};
/* End PBXFrameworksBuildPhase section */

/* Begin PBXGroup section */
		2A96EAA918CEA02800025829 = {
			isa = PBXGroup;
			children = (
				2A96EABB18CEA02800025829 /* Epic */,
				2A96EADD18CEA02800025829 /* EpicTests */,
				2A96EAB418CEA02800025829 /* Frameworks */,
				2A96EAB318CEA02800025829 /* Products */,
			);
			sourceTree = "<group>";
		};
		2A96EAB318CEA02800025829 /* Products */ = {
			isa = PBXGroup;
			children = (
				2A96EAB218CEA02800025829 /* Epic.app */,
				2A96EAD618CEA02800025829 /* EpicTests.xctest */,
			);
			name = Products;
			sourceTree = "<group>";
		};
		2A96EAB418CEA02800025829 /* Frameworks */ = {
			isa = PBXGroup;
			children = (
				2A96EAB518CEA02800025829 /* Foundation.framework */,
				2A96EAB718CEA02800025829 /* CoreGraphics.framework */,
				2A96EAB918CEA02800025829 /* UIKit.framework */,
				2A96EAD718CEA02800025829 /* XCTest.framework */,
			);
			name = Frameworks;
			sourceTree = "<group>";
		};
		2A96EABB18CEA02800025829 /* Epic */ = {
			isa = PBXGroup;
			children = (
				2A96EAC418CEA02800025829 /* EpicAppDelegate.h */,
				2A96EAC518CEA02800025829 /* EpicAppDelegate.m */,
				2A96EAC718CEA02800025829 /* Main_iPhone.storyboard */,
				2A96EACA18CEA02800025829 /* Main_iPad.storyboard */,
				2A96EACD18CEA02800025829 /* EpicViewController.h */,
				2A96EACE18CEA02800025829 /* EpicViewController.m */,
				2A96EAD018CEA02800025829 /* Images.xcassets */,
				2A96EABC18CEA02800025829 /* Supporting Files */,
			);
			path = Epic;
			sourceTree = "<group>";
		};
		2A96EABC18CEA02800025829 /* Supporting Files */ = {
			isa = PBXGroup;
			children = (
				2A96EABD18CEA02800025829 /* Epic-Info.plist */,
				2A96EABE18CEA02800025829 /* InfoPlist.strings */,
				2A96EAC118CEA02800025829 /* main.m */,
				2A96EAC318CEA02800025829 /* Epic-Prefix.pch */,
			);
			name = "Supporting Files";
			sourceTree = "<group>";
		};
		2A96EADD18CEA02800025829 /* EpicTests */ = {
			isa = PBXGroup;
			children = (
				2A96EAE318CEA02800025829 /* EpicTests.m */,
				2A96EADE18CEA02800025829 /* Supporting Files */,
			);
			path = EpicTests;
			sourceTree = "<group>";
		};
		2A96EADE18CEA02800025829 /* Supporting Files */ = {
			isa = PBXGroup;
			children = (
				2A96EADF18CEA02800025829 /* EpicTests-Info.plist */,
				2A96EAE018CEA02800025829 /* InfoPlist.strings */,
			);
			name = "Supporting Files";
			sourceTree = "<group>";
		};
/* End PBXGroup section */

/* Begin PBXNativeTarget section */
		2A96EAB118CEA02800025829 /* Epic */ = {
			isa = PBXNativeTarget;
			buildConfigurationList = 2A96EAE718CEA02800025829 /* Build configuration list for PBXNativeTarget "Epic" */;
			buildPhases = (
				2A96EAAE18CEA02800025829 /* Sources */,
				2A96EAAF18CEA02800025829 /* Frameworks */,
				2A96EAB018CEA02800025829 /* Resources */,
			);
			buildRules = (
			);
			dependencies = (
			);
			name = Epic;
			productName = Epic;
			productReference = 2A96EAB218CEA02800025829 /* Epic.app */;
			productType = "com.apple.product-type.application";
		};
		2A96EAD518CEA02800025829 /* EpicTests */ = {
			isa = PBXNativeTarget;
			buildConfigurationList = 2A96EAEA18CEA02800025829 /* Build configuration list for PBXNativeTarget "EpicTests" */;
			buildPhases = (
				2A96EAD218CEA02800025829 /* Sources */,
				2A96EAD318CEA02800025829 /* Frameworks */,
				2A96EAD418CEA02800025829 /* Resources */,
			);
			buildRules = (
			);
			dependencies = (
				2A96EADC18CEA02800025829 /* PBXTargetDependency */,
			);
			name = EpicTests;
			productName = EpicTests;
			productReference = 2A96EAD618CEA02800025829 /* EpicTests.xctest */;
			productType = "com.apple.product-type.bundle.unit-test";
		};
/* End PBXNativeTarget section */

/* Begin PBXProject section */
		2A96EAAA18CEA02800025829 /* Project object */ = {
			isa = PBXProject;
			attributes = {
				CLASSPREFIX = Epic;
				LastUpgradeCheck = 0500;
				ORGANIZATIONNAME = "Jason Chu";
				TargetAttributes = {
					2A96EAD518CEA02800025829 = {
						TestTargetID = 2A96EAB118CEA02800025829;
					};
				};
			};
			buildConfigurationList = 2A96EAAD18CEA02800025829 /* Build configuration list for PBXProject "Epic" */;
			compatibilityVersion = "Xcode 3.2";
			developmentRegion = English;
			hasScannedForEncodings = 0;
			knownRegions = (
				en,
				Base,
			);
			mainGroup = 2A96EAA918CEA02800025829;
			productRefGroup = 2A96EAB318CEA02800025829 /* Products */;
			projectDirPath = "";
			projectRoot = "";
			targets = (
				2A96EAB118CEA02800025829 /* Epic */,
				2A96EAD518CEA02800025829 /* EpicTests */,
			);
		};
/* End PBXProject section */

/* Begin PBXResourcesBuildPhase section */
		2A96EAB018CEA02800025829 /* Resources */ = {
			isa = PBXResourcesBuildPhase;
			buildActionMask = 2147483647;
			files = (
				2A96EACC18CEA02800025829 /* Main_iPad.storyboard in Resources */,
				2A96EAD118CEA02800025829 /* Images.xcassets in Resources */,
				2A96EAC918CEA02800025829 /* Main_iPhone.storyboard in Resources */,
				2A96EAC018CEA02800025829 /* InfoPlist.strings in Resources */,
			);
			runOnlyForDeploymentPostprocessing = 0;
		};
		2A96EAD418CEA02800025829 /* Resources */ = {
			isa = PBXResourcesBuildPhase;
			buildActionMask = 2147483647;
			files = (
				2A96EAE218CEA02800025829 /* InfoPlist.strings in Resources */,
			);
			runOnlyForDeploymentPostprocessing = 0;
		};
/* End PBXResourcesBuildPhase section */

/* Begin PBXSourcesBuildPhase section */
		2A96EAAE18CEA02800025829 /* Sources */ = {
			isa = PBXSourcesBuildPhase;
			buildActionMask = 2147483647;
			files = (
				2A96EAC218CEA02800025829 /* main.m in Sources */,
				2A96EACF18CEA02800025829 /* EpicViewController.m in Sources */,
				2A96EAC618CEA02800025829 /* EpicAppDelegate.m in Sources */,
			);
			runOnlyForDeploymentPostprocessing = 0;
		};
		2A96EAD218CEA02800025829 /* Sources */ = {
			isa = PBXSourcesBuildPhase;
			buildActionMask = 2147483647;
			files = (
				2A96EAE418CEA02800025829 /* EpicTests.m in Sources */,
			);
			runOnlyForDeploymentPostprocessing = 0;
		};
/* End PBXSourcesBuildPhase section */

/* Begin PBXTargetDependency section */
		2A96EADC18CEA02800025829 /* PBXTargetDependency */ = {
			isa = PBXTargetDependency;
			target = 2A96EAB118CEA02800025829 /* Epic */;
			targetProxy = 2A96EADB18CEA02800025829 /* PBXContainerItemProxy */;
		};
/* End PBXTargetDependency section */

/* Begin PBXVariantGroup section */
		2A96EABE18CEA02800025829 /* InfoPlist.strings */ = {
			isa = PBXVariantGroup;
			children = (
				2A96EABF18CEA02800025829 /* en */,
			);
			name = InfoPlist.strings;
			sourceTree = "<group>";
		};
		2A96EAC718CEA02800025829 /* Main_iPhone.storyboard */ = {
			isa = PBXVariantGroup;
			children = (
				2A96EAC818CEA02800025829 /* Base */,
			);
			name = Main_iPhone.storyboard;
			sourceTree = "<group>";
		};
		2A96EACA18CEA02800025829 /* Main_iPad.storyboard */ = {
			isa = PBXVariantGroup;
			children = (
				2A96EACB18CEA02800025829 /* Base */,
			);
			name = Main_iPad.storyboard;
			sourceTree = "<group>";
		};
		2A96EAE018CEA02800025829 /* InfoPlist.strings */ = {
			isa = PBXVariantGroup;
			children = (
				2A96EAE118CEA02800025829 /* en */,
			);
			name = InfoPlist.strings;
			sourceTree = "<group>";
		};
/* End PBXVariantGroup section */

/* Begin XCBuildConfiguration section */
		2A96EAE518CEA02800025829 /* Debug */ = {
			isa = XCBuildConfiguration;
			buildSettings = {
				ALWAYS_SEARCH_USER_PATHS = NO;
				ARCHS = "$(ARCHS_STANDARD_INCLUDING_64_BIT)";
				CLANG_CXX_LANGUAGE_STANDARD = "gnu++0x";
				CLANG_CXX_LIBRARY = "libc++";
				CLANG_ENABLE_MODULES = YES;
				CLANG_ENABLE_OBJC_ARC = YES;
				CLANG_WARN_BOOL_CONVERSION = YES;
				CLANG_WARN_CONSTANT_CONVERSION = YES;
				CLANG_WARN_DIRECT_OBJC_ISA_USAGE = YES_ERROR;
				CLANG_WARN_EMPTY_BODY = YES;
				CLANG_WARN_ENUM_CONVERSION = YES;
				CLANG_WARN_INT_CONVERSION = YES;
				CLANG_WARN_OBJC_ROOT_CLASS = YES_ERROR;
				CLANG_WARN__DUPLICATE_METHOD_MATCH = YES;
				"CODE_SIGN_IDENTITY[sdk=iphoneos*]" = "iPhone Developer";
				COPY_PHASE_STRIP = NO;
				GCC_C_LANGUAGE_STANDARD = gnu99;
				GCC_DYNAMIC_NO_PIC = NO;
				GCC_OPTIMIZATION_LEVEL = 0;
				GCC_PREPROCESSOR_DEFINITIONS = (
					"DEBUG=1",
					"$(inherited)",
				);
				GCC_SYMBOLS_PRIVATE_EXTERN = NO;
				GCC_WARN_64_TO_32_BIT_CONVERSION = YES;
				GCC_WARN_ABOUT_RETURN_TYPE = YES_ERROR;
				GCC_WARN_UNDECLARED_SELECTOR = YES;
				GCC_WARN_UNINITIALIZED_AUTOS = YES;
				GCC_WARN_UNUSED_FUNCTION = YES;
				GCC_WARN_UNUSED_VARIABLE = YES;
				IPHONEOS_DEPLOYMENT_TARGET = 7.0;
				ONLY_ACTIVE_ARCH = YES;
				SDKROOT = iphoneos;
				TARGETED_DEVICE_FAMILY = "1,2";
			};
			name = Debug;
		};
		2A96EAE618CEA02800025829 /* Release */ = {
			isa = XCBuildConfiguration;
			buildSettings = {
				ALWAYS_SEARCH_USER_PATHS = NO;
				ARCHS = "$(ARCHS_STANDARD_INCLUDING_64_BIT)";
				CLANG_CXX_LANGUAGE_STANDARD = "gnu++0x";
				CLANG_CXX_LIBRARY = "libc++";
				CLANG_ENABLE_MODULES = YES;
				CLANG_ENABLE_OBJC_ARC = YES;
				CLANG_WARN_BOOL_CONVERSION = YES;
				CLANG_WARN_CONSTANT_CONVERSION = YES;
				CLANG_WARN_DIRECT_OBJC_ISA_USAGE = YES_ERROR;
				CLANG_WARN_EMPTY_BODY = YES;
				CLANG_WARN_ENUM_CONVERSION = YES;
				CLANG_WARN_INT_CONVERSION = YES;
				CLANG_WARN_OBJC_ROOT_CLASS = YES_ERROR;
				CLANG_WARN__DUPLICATE_METHOD_MATCH = YES;
				"CODE_SIGN_IDENTITY[sdk=iphoneos*]" = "iPhone Developer";
				COPY_PHASE_STRIP = YES;
				ENABLE_NS_ASSERTIONS = NO;
				GCC_C_LANGUAGE_STANDARD = gnu99;
				GCC_WARN_64_TO_32_BIT_CONVERSION = YES;
				GCC_WARN_ABOUT_RETURN_TYPE = YES_ERROR;
				GCC_WARN_UNDECLARED_SELECTOR = YES;
				GCC_WARN_UNINITIALIZED_AUTOS = YES;
				GCC_WARN_UNUSED_FUNCTION = YES;
				GCC_WARN_UNUSED_VARIABLE = YES;
				IPHONEOS_DEPLOYMENT_TARGET = 7.0;
				SDKROOT = iphoneos;
				TARGETED_DEVICE_FAMILY = "1,2";
				VALIDATE_PRODUCT = YES;
			};
			name = Release;
		};
		2A96EAE818CEA02800025829 /* Debug */ = {
			isa = XCBuildConfiguration;
			buildSettings = {
				ASSETCATALOG_COMPILER_APPICON_NAME = AppIcon;
				ASSETCATALOG_COMPILER_LAUNCHIMAGE_NAME = LaunchImage;
				GCC_PRECOMPILE_PREFIX_HEADER = YES;
				GCC_PREFIX_HEADER = "Epic/Epic-Prefix.pch";
				INFOPLIST_FILE = "Epic/Epic-Info.plist";
				PRODUCT_NAME = "$(TARGET_NAME)";
				WRAPPER_EXTENSION = app;
			};
			name = Debug;
		};
		2A96EAE918CEA02800025829 /* Release */ = {
			isa = XCBuildConfiguration;
			buildSettings = {
				ASSETCATALOG_COMPILER_APPICON_NAME = AppIcon;
				ASSETCATALOG_COMPILER_LAUNCHIMAGE_NAME = LaunchImage;
				GCC_PRECOMPILE_PREFIX_HEADER = YES;
				GCC_PREFIX_HEADER = "Epic/Epic-Prefix.pch";
				INFOPLIST_FILE = "Epic/Epic-Info.plist";
				PRODUCT_NAME = "$(TARGET_NAME)";
				WRAPPER_EXTENSION = app;
			};
			name = Release;
		};
		2A96EAEB18CEA02800025829 /* Debug */ = {
			isa = XCBuildConfiguration;
			buildSettings = {
				ARCHS = "$(ARCHS_STANDARD_INCLUDING_64_BIT)";
				BUNDLE_LOADER = "$(BUILT_PRODUCTS_DIR)/Epic.app/Epic";
				FRAMEWORK_SEARCH_PATHS = (
					"$(SDKROOT)/Developer/Library/Frameworks",
					"$(inherited)",
					"$(DEVELOPER_FRAMEWORKS_DIR)",
				);
				GCC_PRECOMPILE_PREFIX_HEADER = YES;
				GCC_PREFIX_HEADER = "Epic/Epic-Prefix.pch";
				GCC_PREPROCESSOR_DEFINITIONS = (
					"DEBUG=1",
					"$(inherited)",
				);
				INFOPLIST_FILE = "EpicTests/EpicTests-Info.plist";
				PRODUCT_NAME = "$(TARGET_NAME)";
				TEST_HOST = "$(BUNDLE_LOADER)";
				WRAPPER_EXTENSION = xctest;
			};
			name = Debug;
		};
		2A96EAEC18CEA02800025829 /* Release */ = {
			isa = XCBuildConfiguration;
			buildSettings = {
				ARCHS = "$(ARCHS_STANDARD_INCLUDING_64_BIT)";
				BUNDLE_LOADER = "$(BUILT_PRODUCTS_DIR)/Epic.app/Epic";
				FRAMEWORK_SEARCH_PATHS = (
					"$(SDKROOT)/Developer/Library/Frameworks",
					"$(inherited)",
					"$(DEVELOPER_FRAMEWORKS_DIR)",
				);
				GCC_PRECOMPILE_PREFIX_HEADER = YES;
				GCC_PREFIX_HEADER = "Epic/Epic-Prefix.pch";
				INFOPLIST_FILE = "EpicTests/EpicTests-Info.plist";
				PRODUCT_NAME = "$(TARGET_NAME)";
				TEST_HOST = "$(BUNDLE_LOADER)";
				WRAPPER_EXTENSION = xctest;
			};
			name = Release;
		};
/* End XCBuildConfiguration section */

/* Begin XCConfigurationList section */
		2A96EAAD18CEA02800025829 /* Build configuration list for PBXProject "Epic" */ = {
			isa = XCConfigurationList;
			buildConfigurations = (
				2A96EAE518CEA02800025829 /* Debug */,
				2A96EAE618CEA02800025829 /* Release */,
			);
			defaultConfigurationIsVisible = 0;
			defaultConfigurationName = Release;
		};
		2A96EAE718CEA02800025829 /* Build configuration list for PBXNativeTarget "Epic" */ = {
			isa = XCConfigurationList;
			buildConfigurations = (
				2A96EAE818CEA02800025829 /* Debug */,
				2A96EAE918CEA02800025829 /* Release */,
			);
			defaultConfigurationIsVisible = 0;
		};
		2A96EAEA18CEA02800025829 /* Build configuration list for PBXNativeTarget "EpicTests" */ = {
			isa = XCConfigurationList;
			buildConfigurations = (
				2A96EAEB18CEA02800025829 /* Debug */,
				2A96EAEC18CEA02800025829 /* Release */,
			);
			defaultConfigurationIsVisible = 0;
		};
/* End XCConfigurationList section */
	};
	rootObject = 2A96EAAA18CEA02800025829 /* Project object */;
}
